github.com/ahoze-r7/gostrings2 v1.0.1 h1:V4I4eIrKQjoayKhYqhJs1QLuYtbAsqrYLUs17dMxwrg=
github.com/ahoze-r7/gostrings2 v1.0.1/go.mod h1:+UllzBEHcaoeQlhxVF2SkfsZ4xABjO9L2oAWn11NXuc=
github.com/ahoze-r7/gostrings2 v1.1.0 h1:VgRfCGpLIV0JTJjHe+V/0uob5Kw35Dzwb5lrb5h7XE0=
github.com/ahoze-r7/gostrings2 v1.1.0/go.mod h1:+UllzBEHcaoeQlhxVF2SkfsZ4xABjO9L2oAWn11NXuc=
